# This file is automatically @generated by Wally.
# It is not intended for manual editing.
registry = "test"

[[package]]
name = "4x8matrix/class-index"
version = "2.0.1"
dependencies = []

[[package]]
name = "4x8matrix/console"
version = "2.1.2"
dependencies = [["Signal", "sleitnick/signal@1.5.0"]]

[[package]]
name = "4x8matrix/dev-suite"
version = "0.0.6"
dependencies = [["ClassIndex", "4x8matrix/class-index@2.0.1"], ["Console", "4x8matrix/console@2.1.2"], ["Fusion", "elttob/fusion@0.3.0"], ["Highlighter", "boatbomber/highlighter@0.8.3"], ["Runtime", "4x8matrix/runtime@1.0.0"], ["Sift", "csqrl/sift@0.0.9"], ["Signal", "sleitnick/signal@2.0.1"]]

[[package]]
name = "4x8matrix/runtime"
version = "1.0.0"
dependencies = []

[[package]]
name = "boatbomber/highlighter"
version = "0.8.3"
dependencies = []

[[package]]
name = "csqrl/sift"
version = "0.0.9"
dependencies = []

[[package]]
name = "elttob/fusion"
version = "0.3.0"
dependencies = []

[[package]]
name = "sleitnick/signal"
version = "1.5.0"
dependencies = []

[[package]]
name = "sleitnick/signal"
version = "2.0.1"
dependencies = []
